{
  "originHash" : "358adc3ea5875946a42a8721a82683ec443525606d1b6d7fb84dc441fb32705c",
  "pins" : [
    {
      "identity" : "swift-argument-parser",
      "kind" : "remoteSourceControl",
      "location" : "https://github.com/apple/swift-argument-parser.git",
      "state" : {
        "revision" : "011f0c765fb46d9cac61bca19be0527e99c98c8b",
        "version" : "1.5.1"
      }
    },
    {
      "identity" : "xestitext",
      "kind" : "remoteSourceControl",
      "location" : "https://github.com/eBardX/XestiText.git",
      "state" : {
        "revision" : "1281a95baa927c7fd5b8ba3c2a4c7fd398b90812",
        "version" : "3.0.0"
      }
    },
    {
      "identity" : "xestitools",
      "kind" : "remoteSourceControl",
      "location" : "https://github.com/eBardX/XestiTools.git",
      "state" : {
        "revision" : "4b3342997b0708a7f229244c2772baded5b9ce6d",
        "version" : "4.0.0"
      }
    }
  ],
  "version" : 3
}
